Microsoft Visual Studio Solution File, Format Version 12.00
# Visual Studio Version 16
VisualStudioVersion = 16.0.37206.5
MinimumVisualStudioVersion = 10.0.40219.1
Project("{FAE04EC0-301F-11D3-BF4B-00C04F79EFBC}") = "Business", "ProyectoTicketTurno.Business\Business.csproj", "{C792F111-FDAE-4546-A43D-A50C27576377}"
EndProject
Project("{FAE04EC0-301F-11D3-BF4B-00C04F79EFBC}") = "Data", "ProyectoTicketTurno.Data\Data.csproj", "{B1D461D1-03FB-4FD7-B03D-4E0455365BE5}"
EndProject
Project("{FAE04EC0-301F-11D3-BF4B-00C04F79EFBC}") = "Infrastructure", "Infrastructure\Infrastructure.csproj", "{EE751A2B-ED67-416A-AC3E-FF7B2CE1DA7C}"
EndProject
Project("{FAE04EC0-301F-11D3-BF4B-00C04F79EFBC}") = "PTT.Presentation", "PTT.Presentation\PTT.Presentation.csproj", "{113AF8F7-C1E7-4EF4-9D41-876E0F1E4305}"
EndProject
Project("{FAE04EC0-301F-11D3-BF4B-00C04F79EFBC}") = "PTT.Tests", "PTT.Tests\PTT.Tests.csproj", "{D6DF8429-88C4-4E96-9C51-AFED614BAD57}"
EndProject
Global
	GlobalSection(SolutionConfigurationPlatforms) = preSolution
		Debug|Any CPU = Debug|Any CPU
		Release|Any CPU = Release|Any CPU
	EndGlobalSection
	GlobalSection(ProjectConfigurationPlatforms) = postSolution
		{C792F111-FDAE-4546-A43D-A50C27576377}.Debug|Any CPU.ActiveCfg = Debug|Any CPU
		{C792F111-FDAE-4546-A43D-A50C27576377}.Debug|Any CPU.Build.0 = Debug|Any CPU
		{C792F111-FDAE-4546-A43D-A50C27576377}.Release|Any CPU.ActiveCfg = Release|Any CPU
		{C792F111-FDAE-4546-A43D-A50C27576377}.Release|Any CPU.Build.0 = Release|Any CPU
		{B1D461D1-03FB-4FD7-B03D-4E0455365BE5}.Debug|Any CPU.ActiveCfg = Debug|Any CPU
		{B1D461D1-03FB-4FD7-B03D-4E0455365BE5}.Debug|Any CPU.Build.0 = Debug|Any CPU
		{B1D461D1-03FB-4FD7-B03D-4E0455365BE5}.Release|Any CPU.ActiveCfg = Release|Any CPU
		{B1D461D1-03FB-4FD7-B03D-4E0455365BE5}.Release|Any CPU.Build.0 = Release|Any CPU
		{EE751A2B-ED67-416A-AC3E-FF7B2CE1DA7C}.Debug|Any CPU.ActiveCfg = Debug|Any CPU
		{EE751A2B-ED67-416A-AC3E-FF7B2CE1DA7C}.Debug|Any CPU.Build.0 = Debug|Any CPU
		{EE751A2B-ED67-416A-AC3E-FF7B2CE1DA7C}.Release|Any CPU.ActiveCfg = Release|Any CPU
		{EE751A2B-ED67-416A-AC3E-FF7B2CE1DA7C}.Release|Any CPU.Build.0 = Release|Any CPU
		{113AF8F7-C1E7-4EF4-9D41-876E0F1E4305}.Debug|Any CPU.ActiveCfg = Debug|Any CPU
		{113AF8F7-C1E7-4EF4-9D41-876E0F1E4305}.Debug|Any CPU.Build.0 = Debug|Any CPU
		{113AF8F7-C1E7-4EF4-9D41-876E0F1E4305}.Release|Any CPU.ActiveCfg = Release|Any CPU
		{113AF8F7-C1E7-4EF4-9D41-876E0F1E4305}.Release|Any CPU.Build.0 = Release|Any CPU
		{D6DF8429-88C4-4E96-9C51-AFED614BAD57}.Debug|Any CPU.ActiveCfg = Debug|Any CPU
		{D6DF8429-88C4-4E96-9C51-AFED614BAD57}.Debug|Any CPU.Build.0 = Debug|Any CPU
		{D6DF8429-88C4-4E96-9C51-AFED614BAD57}.Release|Any CPU.ActiveCfg = Release|Any CPU
		{D6DF8429-88C4-4E96-9C51-AFED614BAD57}.Release|Any CPU.Build.0 = Release|Any CPU
	EndGlobalSection
	GlobalSection(SolutionProperties) = preSolution
		HideSolutionNode = FALSE
	EndGlobalSection
	GlobalSection(ExtensibilityGlobals) = postSolution
		SolutionGuid = {10EF1D81-CD38-4C29-9AE4-F4A2AD1EF739}
	EndGlobalSection
EndGlobal
